
Microsoft Visual Studio Solution File, Format Version 12.00
# Visual Studio Version 16
VisualStudioVersion = 16.0.31624.102
MinimumVisualStudioVersion = 10.0.40219.1
Project("{8BC9CEB8-8B4A-11D0-8D11-00A0C91BC942}") = "SuperMarketModel", "SuperMarketModel.vcxproj", "{4C0856F6-AF46-4D30-A7A7-94C0444EA667}"
EndProject
Global
	GlobalSection(SolutionConfigurationPlatforms) = preSolution
		Debug|x64 = Debug|x64
		Debug|x86 = Debug|x86
		Release|x64 = Release|x64
		Release|x86 = Release|x86
	EndGlobalSection
	GlobalSection(ProjectConfigurationPlatforms) = postSolution
		{4C0856F6-AF46-4D30-A7A7-94C0444EA667}.Debug|x64.ActiveCfg = Debug|x64
		{4C0856F6-AF46-4D30-A7A7-94C0444EA667}.Debug|x64.Build.0 = Debug|x64
		{4C0856F6-AF46-4D30-A7A7-94C0444EA667}.Debug|x86.ActiveCfg = Debug|Win32
		{4C0856F6-AF46-4D30-A7A7-94C0444EA667}.Debug|x86.Build.0 = Debug|Win32
		{4C0856F6-AF46-4D30-A7A7-94C0444EA667}.Release|x64.ActiveCfg = Release|x64
		{4C0856F6-AF46-4D30-A7A7-94C0444EA667}.Release|x64.Build.0 = Release|x64
		{4C0856F6-AF46-4D30-A7A7-94C0444EA667}.Release|x86.ActiveCfg = Release|Win32
		{4C0856F6-AF46-4D30-A7A7-94C0444EA667}.Release|x86.Build.0 = Release|Win32
	EndGlobalSection
	GlobalSection(SolutionProperties) = preSolution
		HideSolutionNode = FALSE
	EndGlobalSection
	GlobalSection(ExtensibilityGlobals) = postSolution
		SolutionGuid = {CDEC432A-E1B6-48DF-9609-324EC834714A}
	EndGlobalSection
EndGlobal
